{
  "version": 4,
  "terraform_version": "1.9.8",
  "serial": 113,
  "lineage": "9f28b906-1609-534a-aba8-48854780d2db",
  "outputs": {
    "load_balancer_dns": {
      "value": "app-lb-765781243.us-east-1.elb.amazonaws.com",
      "type": "string"
    }
  },
  "resources": [
    {
      "mode": "managed",
      "type": "aws_autoscaling_group",
      "name": "app_asg",
      "provider": "provider[\"registry.terraform.io/hashicorp/aws\"]",
      "instances": [
        {
          "schema_version": 1,
          "attributes": {
            "arn": "arn:aws:autoscaling:us-east-1:550471846222:autoScalingGroup:dc483cae-2e00-400d-ad2f-fda68b8d9fb6:autoScalingGroupName/terraform-20241115134434529500000005",
            "availability_zones": [
              "us-east-1a"
            ],
            "capacity_rebalance": false,
            "context": "",
            "default_cooldown": 300,
            "default_instance_warmup": 0,
            "desired_capacity": 2,
            "desired_capacity_type": "",
            "enabled_metrics": null,
            "force_delete": false,
            "force_delete_warm_pool": false,
            "health_check_grace_period": 300,
            "health_check_type": "EC2",
            "id": "terraform-20241115134434529500000005",
            "ignore_failed_scaling_activities": false,
            "initial_lifecycle_hook": [],
            "instance_maintenance_policy": [],
            "instance_refresh": [],
            "launch_configuration": "",
            "launch_template": [
              {
                "id": "lt-0346e8274f48c20a0",
                "name": "app-20241115134422775500000003",
                "version": "$Latest"
              }
            ],
            "load_balancers": [],
            "max_instance_lifetime": 0,
            "max_size": 5,
            "metrics_granularity": "1Minute",
            "min_elb_capacity": null,
            "min_size": 1,
            "mixed_instances_policy": [],
            "name": "terraform-20241115134434529500000005",
            "name_prefix": "terraform-",
            "placement_group": "",
            "predicted_capacity": 0,
            "protect_from_scale_in": false,
            "service_linked_role_arn": "arn:aws:iam::550471846222:role/aws-service-role/autoscaling.amazonaws.com/AWSServiceRoleForAutoScaling",
            "suspended_processes": null,
            "tag": [],
            "target_group_arns": [
              "arn:aws:elasticloadbalancing:us-east-1:550471846222:targetgroup/app-tg/779a3d46da6f1b6b"
            ],
            "termination_policies": null,
            "timeouts": null,
            "traffic_source": [
              {
                "identifier": "arn:aws:elasticloadbalancing:us-east-1:550471846222:targetgroup/app-tg/779a3d46da6f1b6b",
                "type": "elbv2"
              }
            ],
            "vpc_zone_identifier": [
              "subnet-0f8d098cd3a68eb9f"
            ],
            "wait_for_capacity_timeout": "10m",
            "wait_for_elb_capacity": null,
            "warm_pool": [],
            "warm_pool_size": 0
          },
          "sensitive_attributes": [],
          "private": "eyJlMmJmYjczMC1lY2FhLTExZTYtOGY4OC0zNDM2M2JjN2M0YzAiOnsiZGVsZXRlIjo2MDAwMDAwMDAwMDAsInVwZGF0ZSI6NjAwMDAwMDAwMDAwfSwic2NoZW1hX3ZlcnNpb24iOiIxIn0=",
          "dependencies": [
            "aws_launch_template.app_lt",
            "aws_lb_target_group.app_tg",
            "aws_security_group.web_sg",
            "aws_subnet.public_subnet_1",
            "aws_vpc.main_vpc"
          ]
        }
      ]
    },
    {
      "mode": "managed",
      "type": "aws_internet_gateway",
      "name": "igw",
      "provider": "provider[\"registry.terraform.io/hashicorp/aws\"]",
      "instances": [
        {
          "schema_version": 0,
          "attributes": {
            "arn": "arn:aws:ec2:us-east-1:550471846222:internet-gateway/igw-05c60f5f0920ff489",
            "id": "igw-05c60f5f0920ff489",
            "owner_id": "550471846222",
            "tags": null,
            "tags_all": {},
            "timeouts": null,
            "vpc_id": "vpc-09b3a6a687116b466"
          },
          "sensitive_attributes": [],
          "private": "eyJlMmJmYjczMC1lY2FhLTExZTYtOGY4OC0zNDM2M2JjN2M0YzAiOnsiY3JlYXRlIjoxMjAwMDAwMDAwMDAwLCJkZWxldGUiOjEyMDAwMDAwMDAwMDAsInVwZGF0ZSI6MTIwMDAwMDAwMDAwMH19",
          "dependencies": [
            "aws_vpc.main_vpc"
          ]
        }
      ]
    },
    {
      "mode": "managed",
      "type": "aws_launch_template",
      "name": "app_lt",
      "provider": "provider[\"registry.terraform.io/hashicorp/aws\"]",
      "instances": [
        {
          "schema_version": 0,
          "attributes": {
            "arn": "arn:aws:ec2:us-east-1:550471846222:launch-template/lt-0346e8274f48c20a0",
            "block_device_mappings": [],
            "capacity_reservation_specification": [],
            "cpu_options": [],
            "credit_specification": [],
            "default_version": 1,
            "description": "",
            "disable_api_stop": false,
            "disable_api_termination": false,
            "ebs_optimized": "",
            "elastic_gpu_specifications": [],
            "elastic_inference_accelerator": [],
            "enclave_options": [],
            "hibernation_options": [],
            "iam_instance_profile": [],
            "id": "lt-0346e8274f48c20a0",
            "image_id": "ami-0866a3c8686eaeeba",
            "instance_initiated_shutdown_behavior": "",
            "instance_market_options": [],
            "instance_requirements": [],
            "instance_type": "t2.micro",
            "kernel_id": "",
            "key_name": "",
            "latest_version": 1,
            "license_specification": [],
            "maintenance_options": [],
            "metadata_options": [],
            "monitoring": [],
            "name": "app-20241115134422775500000003",
            "name_prefix": "app-",
            "network_interfaces": [
              {
                "associate_carrier_ip_address": "",
                "associate_public_ip_address": "true",
                "delete_on_termination": "",
                "description": "",
                "device_index": 0,
                "interface_type": "",
                "ipv4_address_count": 0,
                "ipv4_addresses": null,
                "ipv4_prefix_count": 0,
                "ipv4_prefixes": null,
                "ipv6_address_count": 0,
                "ipv6_addresses": null,
                "ipv6_prefix_count": 0,
                "ipv6_prefixes": null,
                "network_card_index": 0,
                "network_interface_id": "",
                "primary_ipv6": "",
                "private_ip_address": "",
                "security_groups": [
                  "sg-088b50d83c229455d"
                ],
                "subnet_id": ""
              }
            ],
            "placement": [],
            "private_dns_name_options": [],
            "ram_disk_id": "",
            "security_group_names": null,
            "tag_specifications": [
              {
                "resource_type": "instance",
                "tags": {
                  "Name": "WebAppInstance"
                }
              }
            ],
            "tags": null,
            "tags_all": {},
            "update_default_version": null,
            "user_data": "IyEvYmluL2Jhc2gNCmFwdCB1cGRhdGUgLXkNCmFwdCBpbnN0YWxsIC15IG5naW54DQoNCiMgQ3JlYXRlIHRoZSBUcmF2ZWwgR3VpZGUgSFRNTCBwYWdlDQplY2hvICI8IURPQ1RZUEUgaHRtbD4NCjxodG1sIGxhbmc9XCJlblwiPg0KPGhlYWQ+DQogICAgPG1ldGEgY2hhcnNldD1cIlVURi04XCI+DQogICAgPG1ldGEgbmFtZT1cInZpZXdwb3J0XCIgY29udGVudD1cIndpZHRoPWRldmljZS13aWR0aCwgaW5pdGlhbC1zY2FsZT0xLjBcIj4NCiAgICA8dGl0bGU+VHJhdmVsIEd1aWRlPC90aXRsZT4NCiAgICA8c3R5bGU+DQogICAgICAgIGJvZHkgew0KICAgICAgICAgICAgZm9udC1mYW1pbHk6IEFyaWFsLCBzYW5zLXNlcmlmOw0KICAgICAgICAgICAgYmFja2dyb3VuZC1jb2xvcjogI2UzZjJmZDsNCiAgICAgICAgICAgIGNvbG9yOiAjMDE1NzliOw0KICAgICAgICAgICAgZGlzcGxheTogZmxleDsNCiAgICAgICAgICAgIGZsZXgtZGlyZWN0aW9uOiBjb2x1bW47DQogICAgICAgICAgICBhbGlnbi1pdGVtczogY2VudGVyOw0KICAgICAgICAgICAgcGFkZGluZzogMzBweDsNCiAgICAgICAgfQ0KICAgICAgICBoMSB7DQogICAgICAgICAgICBjb2xvcjogIzAyODhkMTsNCiAgICAgICAgICAgIGZvbnQtc2l6ZTogMi41cmVtOw0KICAgICAgICB9DQogICAgICAgIHAgew0KICAgICAgICAgICAgZm9udC1zaXplOiAxLjJyZW07DQogICAgICAgICAgICBtYXJnaW46IDIwcHggMDsNCiAgICAgICAgICAgIHRleHQtYWxpZ246IGNlbnRlcjsNCiAgICAgICAgfQ0KICAgICAgICAuZGVzdGluYXRpb24gew0KICAgICAgICAgICAgZm9udC13ZWlnaHQ6IGJvbGQ7DQogICAgICAgICAgICBmb250LXNpemU6IDEuNXJlbTsNCiAgICAgICAgICAgIGNvbG9yOiAjMTk3NmQyOw0KICAgICAgICB9DQogICAgICAgIC5pbWFnZSB7DQogICAgICAgICAgICB3aWR0aDogODAlOw0KICAgICAgICAgICAgbWF4LXdpZHRoOiA2MDBweDsNCiAgICAgICAgICAgIGJvcmRlci1yYWRpdXM6IDhweDsNCiAgICAgICAgfQ0KICAgICAgICAuYnV0dG9uIHsNCiAgICAgICAgICAgIG1hcmdpbi10b3A6IDIwcHg7DQogICAgICAgIH0NCiAgICAgICAgYnV0dG9uIHsNCiAgICAgICAgICAgIGJhY2tncm91bmQtY29sb3I6ICMwMjg4ZDE7DQogICAgICAgICAgICBjb2xvcjogd2hpdGU7DQogICAgICAgICAgICBwYWRkaW5nOiAxMHB4IDIwcHg7DQogICAgICAgICAgICBmb250LXNpemU6IDFyZW07DQogICAgICAgICAgICBib3JkZXI6IG5vbmU7DQogICAgICAgICAgICBib3JkZXItcmFkaXVzOiA1cHg7DQogICAgICAgICAgICBjdXJzb3I6IHBvaW50ZXI7DQogICAgICAgICAgICB0cmFuc2l0aW9uOiBiYWNrZ3JvdW5kLWNvbG9yIDAuM3M7DQogICAgICAgIH0NCiAgICAgICAgYnV0dG9uOmhvdmVyIHsNCiAgICAgICAgICAgIGJhY2tncm91bmQtY29sb3I6ICMwMTU3OWI7DQogICAgICAgIH0NCiAgICA8L3N0eWxlPg0KPC9oZWFkPg0KPGJvZHk+DQogICAgPGgxPllvdXIgVWx0aW1hdGUgVHJhdmVsIEd1aWRlPC9oMT4NCiAgICA8aW1nIGNsYXNzPVwiaW1hZ2VcIiBzcmM9XCJodHRwczovL2V4YW1wbGUuY29tL3RyYXZlbC1pbWFnZS5qcGdcIiBhbHQ9XCJCZWF1dGlmdWwgRGVzdGluYXRpb25cIj4NCiAgICA8cD5XZWxjb21lIHRvIHRoZSBUcmF2ZWwgR3VpZGUhIEhlcmUgYXJlIHNvbWUgb2YgdGhlIHRvcCBkZXN0aW5hdGlvbnMgeW91IHNob3VsZCBjb25zaWRlciB2aXNpdGluZzo8L3A+DQogICAgPGRpdiBjbGFzcz1cImRlc3RpbmF0aW9uXCI+MS4gUGFyaXMsIEZyYW5jZTwvZGl2Pg0KICAgIDxwPktub3duIGFzIHRoZSBDaXR5IG9mIExpZ2h0cywgUGFyaXMgaXMgZmFtb3VzIGZvciBpdHMgaWNvbmljIGxhbmRtYXJrcyBsaWtlIHRoZSBFaWZmZWwgVG93ZXIsIE5vdHJlLURhbWUgQ2F0aGVkcmFsLCBhbmQgdGhlIExvdXZyZSBNdXNldW0uPC9wPg0KDQogICAgPGRpdiBjbGFzcz1cImRlc3RpbmF0aW9uXCI+Mi4gVG9reW8sIEphcGFuPC9kaXY+DQogICAgPHA+VG9reW8gaXMgYSBidXN0bGluZyBtZXRyb3BvbGlzIGJsZW5kaW5nIG1vZGVybiB0ZWNobm9sb2d5IHdpdGggdHJhZGl0aW9uYWwgY3VsdHVyZS4gRG9u4oCZdCBtaXNzIHRoZSBTaGlidXlhIENyb3NzaW5nIGFuZCB0aGUgYW5jaWVudCB0ZW1wbGVzITwvcD4NCg0KICAgIDxkaXYgY2xhc3M9XCJkZXN0aW5hdGlvblwiPjMuIFJvbWUsIEl0YWx5PC9kaXY+DQogICAgPHA+UmljaCBpbiBoaXN0b3J5LCBSb21lIG9mZmVycyBhdHRyYWN0aW9ucyBsaWtlIHRoZSBDb2xvc3NldW0sIFJvbWFuIEZvcnVtLCBhbmQgdGhlIFZhdGljYW4gQ2l0eS48L3A+DQoNCiAgICA8ZGl2IGNsYXNzPVwiYnV0dG9uXCI+DQogICAgICAgIDxidXR0b24gb25jbGljaz1cImFsZXJ0KCdIYXBweSB0cmF2ZWxzIGFuZCBzYWZlIGpvdXJuZXkhJylcIj5TdGFydCBZb3VyIEpvdXJuZXk8L2J1dHRvbj4NCiAgICA8L2Rpdj4NCjwvYm9keT4NCjwvaHRtbD4iID4gL3Zhci93d3cvaHRtbC9pbmRleC5odG1sDQoNCiMgU3RhcnQgYW5kIGVuYWJsZSBOZ2lueA0Kc3lzdGVtY3RsIGVuYWJsZSBuZ2lueA0Kc3lzdGVtY3RsIHJlc3RhcnQgbmdpbngNCg==",
            "vpc_security_group_ids": null
          },
          "sensitive_attributes": [],
          "private": "bnVsbA==",
          "dependencies": [
            "aws_security_group.web_sg",
            "aws_vpc.main_vpc"
          ]
        }
      ]
    },
    {
      "mode": "managed",
      "type": "aws_lb",
      "name": "app_lb",
      "provider": "provider[\"registry.terraform.io/hashicorp/aws\"]",
      "instances": [
        {
          "schema_version": 0,
          "attributes": {
            "access_logs": [
              {
                "bucket": "",
                "enabled": false,
                "prefix": ""
              }
            ],
            "arn": "arn:aws:elasticloadbalancing:us-east-1:550471846222:loadbalancer/app/app-lb/374619f34d164bb5",
            "arn_suffix": "app/app-lb/374619f34d164bb5",
            "client_keep_alive": 3600,
            "connection_logs": [
              {
                "bucket": "",
                "enabled": false,
                "prefix": ""
              }
            ],
            "customer_owned_ipv4_pool": "",
            "desync_mitigation_mode": "defensive",
            "dns_name": "app-lb-765781243.us-east-1.elb.amazonaws.com",
            "dns_record_client_routing_policy": null,
            "drop_invalid_header_fields": false,
            "enable_cross_zone_load_balancing": true,
            "enable_deletion_protection": false,
            "enable_http2": true,
            "enable_tls_version_and_cipher_suite_headers": false,
            "enable_waf_fail_open": false,
            "enable_xff_client_port": false,
            "enable_zonal_shift": null,
            "enforce_security_group_inbound_rules_on_private_link_traffic": "",
            "id": "arn:aws:elasticloadbalancing:us-east-1:550471846222:loadbalancer/app/app-lb/374619f34d164bb5",
            "idle_timeout": 60,
            "internal": false,
            "ip_address_type": "ipv4",
            "load_balancer_type": "application",
            "name": "app-lb",
            "name_prefix": "",
            "preserve_host_header": false,
            "security_groups": [
              "sg-088b50d83c229455d"
            ],
            "subnet_mapping": [
              {
                "allocation_id": "",
                "ipv6_address": "",
                "outpost_id": "",
                "private_ipv4_address": "",
                "subnet_id": "subnet-03bf64a710fe517bc"
              },
              {
                "allocation_id": "",
                "ipv6_address": "",
                "outpost_id": "",
                "private_ipv4_address": "",
                "subnet_id": "subnet-0f8d098cd3a68eb9f"
              }
            ],
            "subnets": [
              "subnet-03bf64a710fe517bc",
              "subnet-0f8d098cd3a68eb9f"
            ],
            "tags": null,
            "tags_all": {},
            "timeouts": null,
            "vpc_id": "vpc-09b3a6a687116b466",
            "xff_header_processing_mode": "append",
            "zone_id": "Z35SXDOTRQ7X7K"
          },
          "sensitive_attributes": [],
          "private": "eyJlMmJmYjczMC1lY2FhLTExZTYtOGY4OC0zNDM2M2JjN2M0YzAiOnsiY3JlYXRlIjo2MDAwMDAwMDAwMDAsImRlbGV0ZSI6NjAwMDAwMDAwMDAwLCJ1cGRhdGUiOjYwMDAwMDAwMDAwMH19",
          "dependencies": [
            "aws_security_group.web_sg",
            "aws_subnet.public_subnet_1",
            "aws_subnet.public_subnet_2",
            "aws_vpc.main_vpc"
          ]
        }
      ]
    },
    {
      "mode": "managed",
      "type": "aws_lb_listener",
      "name": "app_listener",
      "provider": "provider[\"registry.terraform.io/hashicorp/aws\"]",
      "instances": [
        {
          "schema_version": 0,
          "attributes": {
            "alpn_policy": null,
            "arn": "arn:aws:elasticloadbalancing:us-east-1:550471846222:listener/app/app-lb/374619f34d164bb5/8d6bd75f9616e1df",
            "certificate_arn": null,
            "default_action": [
              {
                "authenticate_cognito": [],
                "authenticate_oidc": [],
                "fixed_response": [],
                "forward": [],
                "order": 1,
                "redirect": [],
                "target_group_arn": "arn:aws:elasticloadbalancing:us-east-1:550471846222:targetgroup/app-tg/779a3d46da6f1b6b",
                "type": "forward"
              }
            ],
            "id": "arn:aws:elasticloadbalancing:us-east-1:550471846222:listener/app/app-lb/374619f34d164bb5/8d6bd75f9616e1df",
            "load_balancer_arn": "arn:aws:elasticloadbalancing:us-east-1:550471846222:loadbalancer/app/app-lb/374619f34d164bb5",
            "mutual_authentication": [],
            "port": 80,
            "protocol": "HTTP",
            "ssl_policy": "",
            "tags": null,
            "tags_all": {},
            "tcp_idle_timeout_seconds": null,
            "timeouts": null
          },
          "sensitive_attributes": [],
          "private": "eyJlMmJmYjczMC1lY2FhLTExZTYtOGY4OC0zNDM2M2JjN2M0YzAiOnsiY3JlYXRlIjozMDAwMDAwMDAwMDAsInVwZGF0ZSI6MzAwMDAwMDAwMDAwfX0=",
          "dependencies": [
            "aws_lb.app_lb",
            "aws_lb_target_group.app_tg",
            "aws_security_group.web_sg",
            "aws_subnet.public_subnet_1",
            "aws_subnet.public_subnet_2",
            "aws_vpc.main_vpc"
          ]
        }
      ]
    },
    {
      "mode": "managed",
      "type": "aws_lb_target_group",
      "name": "app_tg",
      "provider": "provider[\"registry.terraform.io/hashicorp/aws\"]",
      "instances": [
        {
          "schema_version": 0,
          "attributes": {
            "arn": "arn:aws:elasticloadbalancing:us-east-1:550471846222:targetgroup/app-tg/779a3d46da6f1b6b",
            "arn_suffix": "targetgroup/app-tg/779a3d46da6f1b6b",
            "connection_termination": null,
            "deregistration_delay": "300",
            "health_check": [
              {
                "enabled": true,
                "healthy_threshold": 5,
                "interval": 30,
                "matcher": "200",
                "path": "/",
                "port": "traffic-port",
                "protocol": "HTTP",
                "timeout": 5,
                "unhealthy_threshold": 2
              }
            ],
            "id": "arn:aws:elasticloadbalancing:us-east-1:550471846222:targetgroup/app-tg/779a3d46da6f1b6b",
            "ip_address_type": "ipv4",
            "lambda_multi_value_headers_enabled": false,
            "load_balancer_arns": [],
            "load_balancing_algorithm_type": "round_robin",
            "load_balancing_anomaly_mitigation": "off",
            "load_balancing_cross_zone_enabled": "use_load_balancer_configuration",
            "name": "app-tg",
            "name_prefix": "",
            "port": 80,
            "preserve_client_ip": null,
            "protocol": "HTTP",
            "protocol_version": "HTTP1",
            "proxy_protocol_v2": false,
            "slow_start": 0,
            "stickiness": [
              {
                "cookie_duration": 86400,
                "cookie_name": "",
                "enabled": false,
                "type": "lb_cookie"
              }
            ],
            "tags": null,
            "tags_all": {},
            "target_failover": [
              {
                "on_deregistration": null,
                "on_unhealthy": null
              }
            ],
            "target_group_health": [
              {
                "dns_failover": [
                  {
                    "minimum_healthy_targets_count": "1",
                    "minimum_healthy_targets_percentage": "off"
                  }
                ],
                "unhealthy_state_routing": [
                  {
                    "minimum_healthy_targets_count": 1,
                    "minimum_healthy_targets_percentage": "off"
                  }
                ]
              }
            ],
            "target_health_state": [
              {
                "enable_unhealthy_connection_termination": null,
                "unhealthy_draining_interval": null
              }
            ],
            "target_type": "instance",
            "vpc_id": "vpc-09b3a6a687116b466"
          },
          "sensitive_attributes": [],
          "private": "bnVsbA==",
          "dependencies": [
            "aws_vpc.main_vpc"
          ]
        }
      ]
    },
    {
      "mode": "managed",
      "type": "aws_route_table",
      "name": "public_rt",
      "provider": "provider[\"registry.terraform.io/hashicorp/aws\"]",
      "instances": [
        {
          "schema_version": 0,
          "attributes": {
            "arn": "arn:aws:ec2:us-east-1:550471846222:route-table/rtb-09f88b8e4c01e4f67",
            "id": "rtb-09f88b8e4c01e4f67",
            "owner_id": "550471846222",
            "propagating_vgws": [],
            "route": [
              {
                "carrier_gateway_id": "",
                "cidr_block": "0.0.0.0/0",
                "core_network_arn": "",
                "destination_prefix_list_id": "",
                "egress_only_gateway_id": "",
                "gateway_id": "igw-05c60f5f0920ff489",
                "ipv6_cidr_block": "",
                "local_gateway_id": "",
                "nat_gateway_id": "",
                "network_interface_id": "",
                "transit_gateway_id": "",
                "vpc_endpoint_id": "",
                "vpc_peering_connection_id": ""
              }
            ],
            "tags": null,
            "tags_all": {},
            "timeouts": null,
            "vpc_id": "vpc-09b3a6a687116b466"
          },
          "sensitive_attributes": [],
          "private": "eyJlMmJmYjczMC1lY2FhLTExZTYtOGY4OC0zNDM2M2JjN2M0YzAiOnsiY3JlYXRlIjozMDAwMDAwMDAwMDAsImRlbGV0ZSI6MzAwMDAwMDAwMDAwLCJ1cGRhdGUiOjEyMDAwMDAwMDAwMH19",
          "dependencies": [
            "aws_internet_gateway.igw",
            "aws_vpc.main_vpc"
          ]
        }
      ]
    },
    {
      "mode": "managed",
      "type": "aws_route_table_association",
      "name": "public_rt_association_1",
      "provider": "provider[\"registry.terraform.io/hashicorp/aws\"]",
      "instances": [
        {
          "schema_version": 0,
          "attributes": {
            "gateway_id": "",
            "id": "rtbassoc-05c37e6e3726df517",
            "route_table_id": "rtb-09f88b8e4c01e4f67",
            "subnet_id": "subnet-0f8d098cd3a68eb9f",
            "timeouts": null
          },
          "sensitive_attributes": [],
          "private": "eyJlMmJmYjczMC1lY2FhLTExZTYtOGY4OC0zNDM2M2JjN2M0YzAiOnsiY3JlYXRlIjozMDAwMDAwMDAwMDAsImRlbGV0ZSI6MzAwMDAwMDAwMDAwLCJ1cGRhdGUiOjEyMDAwMDAwMDAwMH19",
          "dependencies": [
            "aws_internet_gateway.igw",
            "aws_route_table.public_rt",
            "aws_subnet.public_subnet_1",
            "aws_vpc.main_vpc"
          ]
        }
      ]
    },
    {
      "mode": "managed",
      "type": "aws_route_table_association",
      "name": "public_rt_association_2",
      "provider": "provider[\"registry.terraform.io/hashicorp/aws\"]",
      "instances": [
        {
          "schema_version": 0,
          "attributes": {
            "gateway_id": "",
            "id": "rtbassoc-0b4759335c1a5880f",
            "route_table_id": "rtb-09f88b8e4c01e4f67",
            "subnet_id": "subnet-03bf64a710fe517bc",
            "timeouts": null
          },
          "sensitive_attributes": [],
          "private": "eyJlMmJmYjczMC1lY2FhLTExZTYtOGY4OC0zNDM2M2JjN2M0YzAiOnsiY3JlYXRlIjozMDAwMDAwMDAwMDAsImRlbGV0ZSI6MzAwMDAwMDAwMDAwLCJ1cGRhdGUiOjEyMDAwMDAwMDAwMH19",
          "dependencies": [
            "aws_internet_gateway.igw",
            "aws_route_table.public_rt",
            "aws_subnet.public_subnet_2",
            "aws_vpc.main_vpc"
          ]
        }
      ]
    },
    {
      "mode": "managed",
      "type": "aws_security_group",
      "name": "web_sg",
      "provider": "provider[\"registry.terraform.io/hashicorp/aws\"]",
      "instances": [
        {
          "schema_version": 1,
          "attributes": {
            "arn": "arn:aws:ec2:us-east-1:550471846222:security-group/sg-088b50d83c229455d",
            "description": "Managed by Terraform",
            "egress": [
              {
                "cidr_blocks": [
                  "0.0.0.0/0"
                ],
                "description": "",
                "from_port": 0,
                "ipv6_cidr_blocks": [],
                "prefix_list_ids": [],
                "protocol": "-1",
                "security_groups": [],
                "self": false,
                "to_port": 0
              }
            ],
            "id": "sg-088b50d83c229455d",
            "ingress": [
              {
                "cidr_blocks": [
                  "0.0.0.0/0"
                ],
                "description": "",
                "from_port": 22,
                "ipv6_cidr_blocks": [],
                "prefix_list_ids": [],
                "protocol": "tcp",
                "security_groups": [],
                "self": false,
                "to_port": 22
              },
              {
                "cidr_blocks": [
                  "0.0.0.0/0"
                ],
                "description": "",
                "from_port": 80,
                "ipv6_cidr_blocks": [],
                "prefix_list_ids": [],
                "protocol": "tcp",
                "security_groups": [],
                "self": false,
                "to_port": 80
              }
            ],
            "name": "terraform-20241115134415253500000001",
            "name_prefix": "terraform-",
            "owner_id": "550471846222",
            "revoke_rules_on_delete": false,
            "tags": null,
            "tags_all": {},
            "timeouts": null,
            "vpc_id": "vpc-09b3a6a687116b466"
          },
          "sensitive_attributes": [],
          "private": "eyJlMmJmYjczMC1lY2FhLTExZTYtOGY4OC0zNDM2M2JjN2M0YzAiOnsiY3JlYXRlIjo2MDAwMDAwMDAwMDAsImRlbGV0ZSI6OTAwMDAwMDAwMDAwfSwic2NoZW1hX3ZlcnNpb24iOiIxIn0=",
          "dependencies": [
            "aws_vpc.main_vpc"
          ]
        }
      ]
    },
    {
      "mode": "managed",
      "type": "aws_subnet",
      "name": "public_subnet_1",
      "provider": "provider[\"registry.terraform.io/hashicorp/aws\"]",
      "instances": [
        {
          "schema_version": 1,
          "attributes": {
            "arn": "arn:aws:ec2:us-east-1:550471846222:subnet/subnet-0f8d098cd3a68eb9f",
            "assign_ipv6_address_on_creation": false,
            "availability_zone": "us-east-1a",
            "availability_zone_id": "use1-az6",
            "cidr_block": "10.0.1.0/24",
            "customer_owned_ipv4_pool": "",
            "enable_dns64": false,
            "enable_lni_at_device_index": 0,
            "enable_resource_name_dns_a_record_on_launch": false,
            "enable_resource_name_dns_aaaa_record_on_launch": false,
            "id": "subnet-0f8d098cd3a68eb9f",
            "ipv6_cidr_block": "",
            "ipv6_cidr_block_association_id": "",
            "ipv6_native": false,
            "map_customer_owned_ip_on_launch": false,
            "map_public_ip_on_launch": true,
            "outpost_arn": "",
            "owner_id": "550471846222",
            "private_dns_hostname_type_on_launch": "ip-name",
            "tags": null,
            "tags_all": {},
            "timeouts": null,
            "vpc_id": "vpc-09b3a6a687116b466"
          },
          "sensitive_attributes": [],
          "private": "eyJlMmJmYjczMC1lY2FhLTExZTYtOGY4OC0zNDM2M2JjN2M0YzAiOnsiY3JlYXRlIjo2MDAwMDAwMDAwMDAsImRlbGV0ZSI6MTIwMDAwMDAwMDAwMH0sInNjaGVtYV92ZXJzaW9uIjoiMSJ9",
          "dependencies": [
            "aws_vpc.main_vpc"
          ]
        }
      ]
    },
    {
      "mode": "managed",
      "type": "aws_subnet",
      "name": "public_subnet_2",
      "provider": "provider[\"registry.terraform.io/hashicorp/aws\"]",
      "instances": [
        {
          "schema_version": 1,
          "attributes": {
            "arn": "arn:aws:ec2:us-east-1:550471846222:subnet/subnet-03bf64a710fe517bc",
            "assign_ipv6_address_on_creation": false,
            "availability_zone": "us-east-1b",
            "availability_zone_id": "use1-az1",
            "cidr_block": "10.0.2.0/24",
            "customer_owned_ipv4_pool": "",
            "enable_dns64": false,
            "enable_lni_at_device_index": 0,
            "enable_resource_name_dns_a_record_on_launch": false,
            "enable_resource_name_dns_aaaa_record_on_launch": false,
            "id": "subnet-03bf64a710fe517bc",
            "ipv6_cidr_block": "",
            "ipv6_cidr_block_association_id": "",
            "ipv6_native": false,
            "map_customer_owned_ip_on_launch": false,
            "map_public_ip_on_launch": true,
            "outpost_arn": "",
            "owner_id": "550471846222",
            "private_dns_hostname_type_on_launch": "ip-name",
            "tags": null,
            "tags_all": {},
            "timeouts": null,
            "vpc_id": "vpc-09b3a6a687116b466"
          },
          "sensitive_attributes": [],
          "private": "eyJlMmJmYjczMC1lY2FhLTExZTYtOGY4OC0zNDM2M2JjN2M0YzAiOnsiY3JlYXRlIjo2MDAwMDAwMDAwMDAsImRlbGV0ZSI6MTIwMDAwMDAwMDAwMH0sInNjaGVtYV92ZXJzaW9uIjoiMSJ9",
          "dependencies": [
            "aws_vpc.main_vpc"
          ]
        }
      ]
    },
    {
      "mode": "managed",
      "type": "aws_vpc",
      "name": "main_vpc",
      "provider": "provider[\"registry.terraform.io/hashicorp/aws\"]",
      "instances": [
        {
          "schema_version": 1,
          "attributes": {
            "arn": "arn:aws:ec2:us-east-1:550471846222:vpc/vpc-09b3a6a687116b466",
            "assign_generated_ipv6_cidr_block": false,
            "cidr_block": "10.0.0.0/16",
            "default_network_acl_id": "acl-04319d65847371075",
            "default_route_table_id": "rtb-0ab5ca28643dd9477",
            "default_security_group_id": "sg-079de98601fd3e62a",
            "dhcp_options_id": "dopt-0643ed10df4555091",
            "enable_dns_hostnames": false,
            "enable_dns_support": true,
            "enable_network_address_usage_metrics": false,
            "id": "vpc-09b3a6a687116b466",
            "instance_tenancy": "default",
            "ipv4_ipam_pool_id": null,
            "ipv4_netmask_length": null,
            "ipv6_association_id": "",
            "ipv6_cidr_block": "",
            "ipv6_cidr_block_network_border_group": "",
            "ipv6_ipam_pool_id": "",
            "ipv6_netmask_length": 0,
            "main_route_table_id": "rtb-0ab5ca28643dd9477",
            "owner_id": "550471846222",
            "tags": null,
            "tags_all": {}
          },
          "sensitive_attributes": [],
          "private": "eyJzY2hlbWFfdmVyc2lvbiI6IjEifQ=="
        }
      ]
    }
  ],
  "check_results": null
}
